
Microsoft Visual Studio Solution File, Format Version 12.00
# Visual Studio 2012
Project("{FAE04EC0-301F-11D3-BF4B-00C04F79EFBC}") = "MapReduceTry", "MapReduceTry\MapReduceTry.csproj", "{D737D7BC-0CCB-4518-977E-EFA0A1316214}"
EndProject
Global
	GlobalSection(SolutionConfigurationPlatforms) = preSolution
		Debug|Any CPU = Debug|Any CPU
		Release|Any CPU = Release|Any CPU
	EndGlobalSection
	GlobalSection(ProjectConfigurationPlatforms) = postSolution
		{D737D7BC-0CCB-4518-977E-EFA0A1316214}.Debug|Any CPU.ActiveCfg = Debug|Any CPU
		{D737D7BC-0CCB-4518-977E-EFA0A1316214}.Debug|Any CPU.Build.0 = Debug|Any CPU
		{D737D7BC-0CCB-4518-977E-EFA0A1316214}.Release|Any CPU.ActiveCfg = Release|Any CPU
		{D737D7BC-0CCB-4518-977E-EFA0A1316214}.Release|Any CPU.Build.0 = Release|Any CPU
	EndGlobalSection
	GlobalSection(SolutionProperties) = preSolution
		HideSolutionNode = FALSE
	EndGlobalSection
EndGlobal
